
Microsoft Visual Studio Solution File, Format Version 12.00
# Visual Studio Version 17
VisualStudioVersion = 17.11.35208.52
MinimumVisualStudioVersion = 10.0.40219.1
Project("{FAE04EC0-301F-11D3-BF4B-00C04F79EFBC}") = "dotNetEventManager", "dotNetEventManager\dotNetEventManager.csproj", "{9502B1C1-9FA3-42F2-BEF8-2D32520E71DA}"
EndProject
Global
	GlobalSection(SolutionConfigurationPlatforms) = preSolution
		Debug|Any CPU = Debug|Any CPU
		Release|Any CPU = Release|Any CPU
	EndGlobalSection
	GlobalSection(ProjectConfigurationPlatforms) = postSolution
		{9502B1C1-9FA3-42F2-BEF8-2D32520E71DA}.Debug|Any CPU.ActiveCfg = Debug|Any CPU
		{9502B1C1-9FA3-42F2-BEF8-2D32520E71DA}.Debug|Any CPU.Build.0 = Debug|Any CPU
		{9502B1C1-9FA3-42F2-BEF8-2D32520E71DA}.Release|Any CPU.ActiveCfg = Release|Any CPU
		{9502B1C1-9FA3-42F2-BEF8-2D32520E71DA}.Release|Any CPU.Build.0 = Release|Any CPU
	EndGlobalSection
	GlobalSection(SolutionProperties) = preSolution
		HideSolutionNode = FALSE
	EndGlobalSection
	GlobalSection(ExtensibilityGlobals) = postSolution
		SolutionGuid = {674FB621-11A7-48C5-9E07-6068FE7F1433}
	EndGlobalSection
EndGlobal
